
Microsoft Visual Studio Solution File, Format Version 12.00
# Visual Studio Version 16
VisualStudioVersion = 16.0.31005.135
MinimumVisualStudioVersion = 10.0.40219.1
Project("{FAE04EC0-301F-11D3-BF4B-00C04F79EFBC}") = "01WorldTour", "01WorldTour\01WorldTour.csproj", "{00360858-5E34-4364-8305-99A5995E3F99}"
EndProject
Project("{FAE04EC0-301F-11D3-BF4B-00C04F79EFBC}") = "02DestinationMapper", "02DestinationMapper\02DestinationMapper.csproj", "{E81D3397-0639-4CD9-AC47-670C9A9D3A5D}"
EndProject
Project("{FAE04EC0-301F-11D3-BF4B-00C04F79EFBC}") = "03PlantDiscovery", "03PlantDiscovery\03PlantDiscovery.csproj", "{FD7917AA-AE33-481F-9F22-1942BC3E8389}"
EndProject
Global
	GlobalSection(SolutionConfigurationPlatforms) = preSolution
		Debug|Any CPU = Debug|Any CPU
		Release|Any CPU = Release|Any CPU
	EndGlobalSection
	GlobalSection(ProjectConfigurationPlatforms) = postSolution
		{00360858-5E34-4364-8305-99A5995E3F99}.Debug|Any CPU.ActiveCfg = Debug|Any CPU
		{00360858-5E34-4364-8305-99A5995E3F99}.Debug|Any CPU.Build.0 = Debug|Any CPU
		{00360858-5E34-4364-8305-99A5995E3F99}.Release|Any CPU.ActiveCfg = Release|Any CPU
		{00360858-5E34-4364-8305-99A5995E3F99}.Release|Any CPU.Build.0 = Release|Any CPU
		{E81D3397-0639-4CD9-AC47-670C9A9D3A5D}.Debug|Any CPU.ActiveCfg = Debug|Any CPU
		{E81D3397-0639-4CD9-AC47-670C9A9D3A5D}.Debug|Any CPU.Build.0 = Debug|Any CPU
		{E81D3397-0639-4CD9-AC47-670C9A9D3A5D}.Release|Any CPU.ActiveCfg = Release|Any CPU
		{E81D3397-0639-4CD9-AC47-670C9A9D3A5D}.Release|Any CPU.Build.0 = Release|Any CPU
		{FD7917AA-AE33-481F-9F22-1942BC3E8389}.Debug|Any CPU.ActiveCfg = Debug|Any CPU
		{FD7917AA-AE33-481F-9F22-1942BC3E8389}.Debug|Any CPU.Build.0 = Debug|Any CPU
		{FD7917AA-AE33-481F-9F22-1942BC3E8389}.Release|Any CPU.ActiveCfg = Release|Any CPU
		{FD7917AA-AE33-481F-9F22-1942BC3E8389}.Release|Any CPU.Build.0 = Release|Any CPU
	EndGlobalSection
	GlobalSection(SolutionProperties) = preSolution
		HideSolutionNode = FALSE
	EndGlobalSection
	GlobalSection(ExtensibilityGlobals) = postSolution
		SolutionGuid = {8051C79F-6468-4B24-BEB1-E0AB52B088A3}
	EndGlobalSection
EndGlobal
