
Microsoft Visual Studio Solution File, Format Version 12.00
# Visual Studio Version 16
VisualStudioVersion = 16.0.31005.135
MinimumVisualStudioVersion = 10.0.40219.1
Project("{FAE04EC0-301F-11D3-BF4B-00C04F79EFBC}") = "01CounterStrike", "01CounterStrike\01CounterStrike.csproj", "{F41B7449-D768-4F8F-8A55-39466CD3E213}"
EndProject
Project("{FAE04EC0-301F-11D3-BF4B-00C04F79EFBC}") = "02ShootForTheWin", "02ShootForTheWin\02ShootForTheWin.csproj", "{11F9A6DE-8A35-4CCB-BDBA-DC32F28DFCB9}"
EndProject
Project("{FAE04EC0-301F-11D3-BF4B-00C04F79EFBC}") = "03MovingTarget", "03MovingTarget\03MovingTarget.csproj", "{A8D37E9E-1A70-4FD6-A4EC-0638C7B45D13}"
EndProject
Global
	GlobalSection(SolutionConfigurationPlatforms) = preSolution
		Debug|Any CPU = Debug|Any CPU
		Release|Any CPU = Release|Any CPU
	EndGlobalSection
	GlobalSection(ProjectConfigurationPlatforms) = postSolution
		{F41B7449-D768-4F8F-8A55-39466CD3E213}.Debug|Any CPU.ActiveCfg = Debug|Any CPU
		{F41B7449-D768-4F8F-8A55-39466CD3E213}.Debug|Any CPU.Build.0 = Debug|Any CPU
		{F41B7449-D768-4F8F-8A55-39466CD3E213}.Release|Any CPU.ActiveCfg = Release|Any CPU
		{F41B7449-D768-4F8F-8A55-39466CD3E213}.Release|Any CPU.Build.0 = Release|Any CPU
		{11F9A6DE-8A35-4CCB-BDBA-DC32F28DFCB9}.Debug|Any CPU.ActiveCfg = Debug|Any CPU
		{11F9A6DE-8A35-4CCB-BDBA-DC32F28DFCB9}.Debug|Any CPU.Build.0 = Debug|Any CPU
		{11F9A6DE-8A35-4CCB-BDBA-DC32F28DFCB9}.Release|Any CPU.ActiveCfg = Release|Any CPU
		{11F9A6DE-8A35-4CCB-BDBA-DC32F28DFCB9}.Release|Any CPU.Build.0 = Release|Any CPU
		{A8D37E9E-1A70-4FD6-A4EC-0638C7B45D13}.Debug|Any CPU.ActiveCfg = Debug|Any CPU
		{A8D37E9E-1A70-4FD6-A4EC-0638C7B45D13}.Debug|Any CPU.Build.0 = Debug|Any CPU
		{A8D37E9E-1A70-4FD6-A4EC-0638C7B45D13}.Release|Any CPU.ActiveCfg = Release|Any CPU
		{A8D37E9E-1A70-4FD6-A4EC-0638C7B45D13}.Release|Any CPU.Build.0 = Release|Any CPU
	EndGlobalSection
	GlobalSection(SolutionProperties) = preSolution
		HideSolutionNode = FALSE
	EndGlobalSection
	GlobalSection(ExtensibilityGlobals) = postSolution
		SolutionGuid = {3F7C89AD-460F-4CEC-AA0E-5F08883485EA}
	EndGlobalSection
EndGlobal
