
Microsoft Visual Studio Solution File, Format Version 12.00
# Visual Studio Version 16
VisualStudioVersion = 16.0.31129.286
MinimumVisualStudioVersion = 10.0.40219.1
Project("{FAE04EC0-301F-11D3-BF4B-00C04F79EFBC}") = "01ActivationKeys", "01ActivationKeys\01ActivationKeys.csproj", "{90519AB3-C989-49CF-A051-843A01239A96}"
EndProject
Project("{FAE04EC0-301F-11D3-BF4B-00C04F79EFBC}") = "02EmojiDetector", "02EmojiDetector\02EmojiDetector.csproj", "{5445651B-17DC-493F-AB12-BC8284A527E0}"
EndProject
Project("{FAE04EC0-301F-11D3-BF4B-00C04F79EFBC}") = "03Pirates", "03Pirates\03Pirates.csproj", "{B1B29E55-A547-4B6F-B828-28ED05EE56A5}"
EndProject
Global
	GlobalSection(SolutionConfigurationPlatforms) = preSolution
		Debug|Any CPU = Debug|Any CPU
		Release|Any CPU = Release|Any CPU
	EndGlobalSection
	GlobalSection(ProjectConfigurationPlatforms) = postSolution
		{90519AB3-C989-49CF-A051-843A01239A96}.Debug|Any CPU.ActiveCfg = Debug|Any CPU
		{90519AB3-C989-49CF-A051-843A01239A96}.Debug|Any CPU.Build.0 = Debug|Any CPU
		{90519AB3-C989-49CF-A051-843A01239A96}.Release|Any CPU.ActiveCfg = Release|Any CPU
		{90519AB3-C989-49CF-A051-843A01239A96}.Release|Any CPU.Build.0 = Release|Any CPU
		{5445651B-17DC-493F-AB12-BC8284A527E0}.Debug|Any CPU.ActiveCfg = Debug|Any CPU
		{5445651B-17DC-493F-AB12-BC8284A527E0}.Debug|Any CPU.Build.0 = Debug|Any CPU
		{5445651B-17DC-493F-AB12-BC8284A527E0}.Release|Any CPU.ActiveCfg = Release|Any CPU
		{5445651B-17DC-493F-AB12-BC8284A527E0}.Release|Any CPU.Build.0 = Release|Any CPU
		{B1B29E55-A547-4B6F-B828-28ED05EE56A5}.Debug|Any CPU.ActiveCfg = Debug|Any CPU
		{B1B29E55-A547-4B6F-B828-28ED05EE56A5}.Debug|Any CPU.Build.0 = Debug|Any CPU
		{B1B29E55-A547-4B6F-B828-28ED05EE56A5}.Release|Any CPU.ActiveCfg = Release|Any CPU
		{B1B29E55-A547-4B6F-B828-28ED05EE56A5}.Release|Any CPU.Build.0 = Release|Any CPU
	EndGlobalSection
	GlobalSection(SolutionProperties) = preSolution
		HideSolutionNode = FALSE
	EndGlobalSection
	GlobalSection(ExtensibilityGlobals) = postSolution
		SolutionGuid = {8370BEB9-4171-44AF-8821-23610EE01448}
	EndGlobalSection
EndGlobal
