
Microsoft Visual Studio Solution File, Format Version 12.00
# Visual Studio Version 16
VisualStudioVersion = 16.0.30804.86
MinimumVisualStudioVersion = 10.0.40219.1
Project("{FAE04EC0-301F-11D3-BF4B-00C04F79EFBC}") = "01ReverseStrings", "01ReverseStrings\01ReverseStrings.csproj", "{29287839-C839-445D-A7CA-C7F983A60AF7}"
EndProject
Project("{FAE04EC0-301F-11D3-BF4B-00C04F79EFBC}") = "02RepeatStrings", "02RepeatStrings\02RepeatStrings.csproj", "{55E5D523-67C2-4963-B257-E6B88BABBFEB}"
EndProject
Project("{FAE04EC0-301F-11D3-BF4B-00C04F79EFBC}") = "03Substring", "03Substring\03Substring.csproj", "{1CEEE67B-24A0-46CB-B761-D441A0448D28}"
EndProject
Project("{FAE04EC0-301F-11D3-BF4B-00C04F79EFBC}") = "04TextFilter", "04TextFilter\04TextFilter.csproj", "{722C6072-2079-4E4A-A361-C97FC97A5527}"
EndProject
Project("{FAE04EC0-301F-11D3-BF4B-00C04F79EFBC}") = "05DigitsLettersAndOther", "05DigitsLettersAndOther\05DigitsLettersAndOther.csproj", "{D9DBB7DB-854C-43D5-BC89-ECDE3C9A725B}"
EndProject
Global
	GlobalSection(SolutionConfigurationPlatforms) = preSolution
		Debug|Any CPU = Debug|Any CPU
		Release|Any CPU = Release|Any CPU
	EndGlobalSection
	GlobalSection(ProjectConfigurationPlatforms) = postSolution
		{29287839-C839-445D-A7CA-C7F983A60AF7}.Debug|Any CPU.ActiveCfg = Debug|Any CPU
		{29287839-C839-445D-A7CA-C7F983A60AF7}.Debug|Any CPU.Build.0 = Debug|Any CPU
		{29287839-C839-445D-A7CA-C7F983A60AF7}.Release|Any CPU.ActiveCfg = Release|Any CPU
		{29287839-C839-445D-A7CA-C7F983A60AF7}.Release|Any CPU.Build.0 = Release|Any CPU
		{55E5D523-67C2-4963-B257-E6B88BABBFEB}.Debug|Any CPU.ActiveCfg = Debug|Any CPU
		{55E5D523-67C2-4963-B257-E6B88BABBFEB}.Debug|Any CPU.Build.0 = Debug|Any CPU
		{55E5D523-67C2-4963-B257-E6B88BABBFEB}.Release|Any CPU.ActiveCfg = Release|Any CPU
		{55E5D523-67C2-4963-B257-E6B88BABBFEB}.Release|Any CPU.Build.0 = Release|Any CPU
		{1CEEE67B-24A0-46CB-B761-D441A0448D28}.Debug|Any CPU.ActiveCfg = Debug|Any CPU
		{1CEEE67B-24A0-46CB-B761-D441A0448D28}.Debug|Any CPU.Build.0 = Debug|Any CPU
		{1CEEE67B-24A0-46CB-B761-D441A0448D28}.Release|Any CPU.ActiveCfg = Release|Any CPU
		{1CEEE67B-24A0-46CB-B761-D441A0448D28}.Release|Any CPU.Build.0 = Release|Any CPU
		{722C6072-2079-4E4A-A361-C97FC97A5527}.Debug|Any CPU.ActiveCfg = Debug|Any CPU
		{722C6072-2079-4E4A-A361-C97FC97A5527}.Debug|Any CPU.Build.0 = Debug|Any CPU
		{722C6072-2079-4E4A-A361-C97FC97A5527}.Release|Any CPU.ActiveCfg = Release|Any CPU
		{722C6072-2079-4E4A-A361-C97FC97A5527}.Release|Any CPU.Build.0 = Release|Any CPU
		{D9DBB7DB-854C-43D5-BC89-ECDE3C9A725B}.Debug|Any CPU.ActiveCfg = Debug|Any CPU
		{D9DBB7DB-854C-43D5-BC89-ECDE3C9A725B}.Debug|Any CPU.Build.0 = Debug|Any CPU
		{D9DBB7DB-854C-43D5-BC89-ECDE3C9A725B}.Release|Any CPU.ActiveCfg = Release|Any CPU
		{D9DBB7DB-854C-43D5-BC89-ECDE3C9A725B}.Release|Any CPU.Build.0 = Release|Any CPU
	EndGlobalSection
	GlobalSection(SolutionProperties) = preSolution
		HideSolutionNode = FALSE
	EndGlobalSection
	GlobalSection(ExtensibilityGlobals) = postSolution
		SolutionGuid = {1D8F1F24-567F-4859-9FDD-891E554DCDAB}
	EndGlobalSection
EndGlobal
