
Microsoft Visual Studio Solution File, Format Version 12.00
# Visual Studio Version 16
VisualStudioVersion = 16.0.30804.86
MinimumVisualStudioVersion = 10.0.40219.1
Project("{FAE04EC0-301F-11D3-BF4B-00C04F79EFBC}") = "01CountRealNumbers", "01CountRealNumbers\01CountRealNumbers.csproj", "{D121121D-C98D-403F-B1C9-211093BB7E5A}"
EndProject
Project("{FAE04EC0-301F-11D3-BF4B-00C04F79EFBC}") = "02OddOccurrences", "02OddOccurrences\02OddOccurrences.csproj", "{FC1AE67B-2F3B-4BE7-B050-115E8E96D343}"
EndProject
Project("{FAE04EC0-301F-11D3-BF4B-00C04F79EFBC}") = "03WordSynonyms", "03WordSynonyms\03WordSynonyms.csproj", "{C25F98CD-D39B-4A02-BB95-F88978F66A92}"
EndProject
Project("{FAE04EC0-301F-11D3-BF4B-00C04F79EFBC}") = "04Largest3Numbers", "04Largest3Numbers\04Largest3Numbers.csproj", "{16ECA396-D995-4A31-8D77-2AB3B884B611}"
EndProject
Project("{FAE04EC0-301F-11D3-BF4B-00C04F79EFBC}") = "05WordFilter", "05WordFilter\05WordFilter.csproj", "{F974C642-D5F4-4A1D-BBD5-E8923230612B}"
EndProject
Global
	GlobalSection(SolutionConfigurationPlatforms) = preSolution
		Debug|Any CPU = Debug|Any CPU
		Release|Any CPU = Release|Any CPU
	EndGlobalSection
	GlobalSection(ProjectConfigurationPlatforms) = postSolution
		{D121121D-C98D-403F-B1C9-211093BB7E5A}.Debug|Any CPU.ActiveCfg = Debug|Any CPU
		{D121121D-C98D-403F-B1C9-211093BB7E5A}.Debug|Any CPU.Build.0 = Debug|Any CPU
		{D121121D-C98D-403F-B1C9-211093BB7E5A}.Release|Any CPU.ActiveCfg = Release|Any CPU
		{D121121D-C98D-403F-B1C9-211093BB7E5A}.Release|Any CPU.Build.0 = Release|Any CPU
		{FC1AE67B-2F3B-4BE7-B050-115E8E96D343}.Debug|Any CPU.ActiveCfg = Debug|Any CPU
		{FC1AE67B-2F3B-4BE7-B050-115E8E96D343}.Debug|Any CPU.Build.0 = Debug|Any CPU
		{FC1AE67B-2F3B-4BE7-B050-115E8E96D343}.Release|Any CPU.ActiveCfg = Release|Any CPU
		{FC1AE67B-2F3B-4BE7-B050-115E8E96D343}.Release|Any CPU.Build.0 = Release|Any CPU
		{C25F98CD-D39B-4A02-BB95-F88978F66A92}.Debug|Any CPU.ActiveCfg = Debug|Any CPU
		{C25F98CD-D39B-4A02-BB95-F88978F66A92}.Debug|Any CPU.Build.0 = Debug|Any CPU
		{C25F98CD-D39B-4A02-BB95-F88978F66A92}.Release|Any CPU.ActiveCfg = Release|Any CPU
		{C25F98CD-D39B-4A02-BB95-F88978F66A92}.Release|Any CPU.Build.0 = Release|Any CPU
		{16ECA396-D995-4A31-8D77-2AB3B884B611}.Debug|Any CPU.ActiveCfg = Debug|Any CPU
		{16ECA396-D995-4A31-8D77-2AB3B884B611}.Debug|Any CPU.Build.0 = Debug|Any CPU
		{16ECA396-D995-4A31-8D77-2AB3B884B611}.Release|Any CPU.ActiveCfg = Release|Any CPU
		{16ECA396-D995-4A31-8D77-2AB3B884B611}.Release|Any CPU.Build.0 = Release|Any CPU
		{F974C642-D5F4-4A1D-BBD5-E8923230612B}.Debug|Any CPU.ActiveCfg = Debug|Any CPU
		{F974C642-D5F4-4A1D-BBD5-E8923230612B}.Debug|Any CPU.Build.0 = Debug|Any CPU
		{F974C642-D5F4-4A1D-BBD5-E8923230612B}.Release|Any CPU.ActiveCfg = Release|Any CPU
		{F974C642-D5F4-4A1D-BBD5-E8923230612B}.Release|Any CPU.Build.0 = Release|Any CPU
	EndGlobalSection
	GlobalSection(SolutionProperties) = preSolution
		HideSolutionNode = FALSE
	EndGlobalSection
	GlobalSection(ExtensibilityGlobals) = postSolution
		SolutionGuid = {1AA55429-F72C-4958-A269-3AC5554BFCBA}
	EndGlobalSection
EndGlobal
