
Microsoft Visual Studio Solution File, Format Version 12.00
# Visual Studio Version 16
VisualStudioVersion = 16.0.31005.135
MinimumVisualStudioVersion = 10.0.40219.1
Project("{9A19103F-16F7-4668-BE54-9A1E7A4F7556}") = "01SecretChat", "01SecretChat\01SecretChat.csproj", "{52B9912C-9DF0-4E13-ADF9-7D0A17F5E81C}"
EndProject
Project("{9A19103F-16F7-4668-BE54-9A1E7A4F7556}") = "02MirrorWords", "02MirrorWords\02MirrorWords.csproj", "{1FCBA4A2-5FE1-47C8-B71A-93F7FF008757}"
EndProject
Project("{FAE04EC0-301F-11D3-BF4B-00C04F79EFBC}") = "03NeedForSpeedIII", "03NeedForSpeedIII\03NeedForSpeedIII.csproj", "{C8375F4C-05FB-43F5-B586-F9AE742413D7}"
EndProject
Global
	GlobalSection(SolutionConfigurationPlatforms) = preSolution
		Debug|Any CPU = Debug|Any CPU
		Release|Any CPU = Release|Any CPU
	EndGlobalSection
	GlobalSection(ProjectConfigurationPlatforms) = postSolution
		{52B9912C-9DF0-4E13-ADF9-7D0A17F5E81C}.Debug|Any CPU.ActiveCfg = Debug|Any CPU
		{52B9912C-9DF0-4E13-ADF9-7D0A17F5E81C}.Debug|Any CPU.Build.0 = Debug|Any CPU
		{52B9912C-9DF0-4E13-ADF9-7D0A17F5E81C}.Release|Any CPU.ActiveCfg = Release|Any CPU
		{52B9912C-9DF0-4E13-ADF9-7D0A17F5E81C}.Release|Any CPU.Build.0 = Release|Any CPU
		{1FCBA4A2-5FE1-47C8-B71A-93F7FF008757}.Debug|Any CPU.ActiveCfg = Debug|Any CPU
		{1FCBA4A2-5FE1-47C8-B71A-93F7FF008757}.Debug|Any CPU.Build.0 = Debug|Any CPU
		{1FCBA4A2-5FE1-47C8-B71A-93F7FF008757}.Release|Any CPU.ActiveCfg = Release|Any CPU
		{1FCBA4A2-5FE1-47C8-B71A-93F7FF008757}.Release|Any CPU.Build.0 = Release|Any CPU
		{C8375F4C-05FB-43F5-B586-F9AE742413D7}.Debug|Any CPU.ActiveCfg = Debug|Any CPU
		{C8375F4C-05FB-43F5-B586-F9AE742413D7}.Debug|Any CPU.Build.0 = Debug|Any CPU
		{C8375F4C-05FB-43F5-B586-F9AE742413D7}.Release|Any CPU.ActiveCfg = Release|Any CPU
		{C8375F4C-05FB-43F5-B586-F9AE742413D7}.Release|Any CPU.Build.0 = Release|Any CPU
	EndGlobalSection
	GlobalSection(SolutionProperties) = preSolution
		HideSolutionNode = FALSE
	EndGlobalSection
	GlobalSection(ExtensibilityGlobals) = postSolution
		SolutionGuid = {83CC5B07-8AD9-41B0-B285-3D61B38855E9}
	EndGlobalSection
EndGlobal
